
Microsoft Visual Studio Solution File, Format Version 12.00
# Visual Studio Version 17
VisualStudioVersion = 17.9.34616.47
MinimumVisualStudioVersion = 10.0.40219.1
Project("{FAE04EC0-301F-11D3-BF4B-00C04F79EFBC}") = "dbms_miniproject", "dbms_miniproject\dbms_miniproject.csproj", "{519B2A4F-718D-4417-A11E-F490CDA4756E}"
EndProject
Global
	GlobalSection(SolutionConfigurationPlatforms) = preSolution
		Debug|Any CPU = Debug|Any CPU
		Release|Any CPU = Release|Any CPU
	EndGlobalSection
	GlobalSection(ProjectConfigurationPlatforms) = postSolution
		{519B2A4F-718D-4417-A11E-F490CDA4756E}.Debug|Any CPU.ActiveCfg = Debug|Any CPU
		{519B2A4F-718D-4417-A11E-F490CDA4756E}.Debug|Any CPU.Build.0 = Debug|Any CPU
		{519B2A4F-718D-4417-A11E-F490CDA4756E}.Release|Any CPU.ActiveCfg = Release|Any CPU
		{519B2A4F-718D-4417-A11E-F490CDA4756E}.Release|Any CPU.Build.0 = Release|Any CPU
	EndGlobalSection
	GlobalSection(SolutionProperties) = preSolution
		HideSolutionNode = FALSE
	EndGlobalSection
	GlobalSection(ExtensibilityGlobals) = postSolution
		SolutionGuid = {A6DB1C6A-795B-46C8-9B73-07FB43313985}
	EndGlobalSection
EndGlobal
